// !$*UTF8*$!
{
	archiveVersion = 1;
	classes = {
	};
	objectVersion = 56;
	objects = {

/* Begin PBXBuildFile section */
		736AF1DA2BACAA290021BE81 /* AppDelegate.swift in Sources */ = {isa = PBXBuildFile; fileRef = 736AF1D92BACAA290021BE81 /* AppDelegate.swift */; };
		736AF1DC2BACAA290021BE81 /* SceneDelegate.swift in Sources */ = {isa = PBXBuildFile; fileRef = 736AF1DB2BACAA290021BE81 /* SceneDelegate.swift */; };
		736AF1DE2BACAA290021BE81 /* ViewController.swift in Sources */ = {isa = PBXBuildFile; fileRef = 736AF1DD2BACAA290021BE81 /* ViewController.swift */; };
		736AF1E12BACAA290021BE81 /* Main.storyboard in Resources */ = {isa = PBXBuildFile; fileRef = 736AF1DF2BACAA290021BE81 /* Main.storyboard */; };
		736AF1E32BACAA2B0021BE81 /* Assets.xcassets in Resources */ = {isa = PBXBuildFile; fileRef = 736AF1E22BACAA2B0021BE81 /* Assets.xcassets */; };
		736AF1E62BACAA2B0021BE81 /* LaunchScreen.storyboard in Resources */ = {isa = PBXBuildFile; fileRef = 736AF1E42BACAA2B0021BE81 /* LaunchScreen.storyboard */; };
		736AF1F12BACAA2C0021BE81 /* MELITechnicalTestTests.swift in Sources */ = {isa = PBXBuildFile; fileRef = 736AF1F02BACAA2C0021BE81 /* MELITechnicalTestTests.swift */; };
		736AF1FB2BACAA2C0021BE81 /* MELITechnicalTestUITests.swift in Sources */ = {isa = PBXBuildFile; fileRef = 736AF1FA2BACAA2C0021BE81 /* MELITechnicalTestUITests.swift */; };
		736AF1FD2BACAA2C0021BE81 /* MELITechnicalTestUITestsLaunchTests.swift in Sources */ = {isa = PBXBuildFile; fileRef = 736AF1FC2BACAA2C0021BE81 /* MELITechnicalTestUITestsLaunchTests.swift */; };
		736AF20F2BADDEA40021BE81 /* NetworkingMainFile.swift in Sources */ = {isa = PBXBuildFile; fileRef = 736AF20E2BADDEA40021BE81 /* NetworkingMainFile.swift */; };
		736AF2112BADE23C0021BE81 /* SearchItems.swift in Sources */ = {isa = PBXBuildFile; fileRef = 736AF2102BADE23C0021BE81 /* SearchItems.swift */; };
		736AF2142BADE28F0021BE81 /* SearchResultModel.swift in Sources */ = {isa = PBXBuildFile; fileRef = 736AF2132BADE28F0021BE81 /* SearchResultModel.swift */; };
		736AF2162BADE2AB0021BE81 /* ItemModel.swift in Sources */ = {isa = PBXBuildFile; fileRef = 736AF2152BADE2AB0021BE81 /* ItemModel.swift */; };
		736AF2182BADE2CD0021BE81 /* ItemForViewModel.swift in Sources */ = {isa = PBXBuildFile; fileRef = 736AF2172BADE2CD0021BE81 /* ItemForViewModel.swift */; };
		736AF21A2BADE2DA0021BE81 /* SeachResultForViewModel.swift in Sources */ = {isa = PBXBuildFile; fileRef = 736AF2192BADE2DA0021BE81 /* SeachResultForViewModel.swift */; };
		736AF21C2BADE3C30021BE81 /* SearchViewModel.swift in Sources */ = {isa = PBXBuildFile; fileRef = 736AF21B2BADE3C30021BE81 /* SearchViewModel.swift */; };
		736AF21F2BADED5E0021BE81 /* searchResultViewContent.swift in Sources */ = {isa = PBXBuildFile; fileRef = 736AF21E2BADED5E0021BE81 /* searchResultViewContent.swift */; };
/* End PBXBuildFile section */

/* Begin PBXContainerItemProxy section */
		736AF1ED2BACAA2C0021BE81 /* PBXContainerItemProxy */ = {
			isa = PBXContainerItemProxy;
			containerPortal = 736AF1CE2BACAA290021BE81 /* Project object */;
			proxyType = 1;
			remoteGlobalIDString = 736AF1D52BACAA290021BE81;
			remoteInfo = MELITechnicalTest;
		};
		736AF1F72BACAA2C0021BE81 /* PBXContainerItemProxy */ = {
			isa = PBXContainerItemProxy;
			containerPortal = 736AF1CE2BACAA290021BE81 /* Project object */;
			proxyType = 1;
			remoteGlobalIDString = 736AF1D52BACAA290021BE81;
			remoteInfo = MELITechnicalTest;
		};
/* End PBXContainerItemProxy section */

/* Begin PBXFileReference section */
		736AF1D62BACAA290021BE81 /* MELITechnicalTest.app */ = {isa = PBXFileReference; explicitFileType = wrapper.application; includeInIndex = 0; path = MELITechnicalTest.app; sourceTree = BUILT_PRODUCTS_DIR; };
		736AF1D92BACAA290021BE81 /* AppDelegate.swift */ = {isa = PBXFileReference; lastKnownFileType = sourcecode.swift; path = AppDelegate.swift; sourceTree = "<group>"; };
		736AF1DB2BACAA290021BE81 /* SceneDelegate.swift */ = {isa = PBXFileReference; lastKnownFileType = sourcecode.swift; path = SceneDelegate.swift; sourceTree = "<group>"; };
		736AF1DD2BACAA290021BE81 /* ViewController.swift */ = {isa = PBXFileReference; lastKnownFileType = sourcecode.swift; path = ViewController.swift; sourceTree = "<group>"; };
		736AF1E02BACAA290021BE81 /* Base */ = {isa = PBXFileReference; lastKnownFileType = file.storyboard; name = Base; path = Base.lproj/Main.storyboard; sourceTree = "<group>"; };
		736AF1E22BACAA2B0021BE81 /* Assets.xcassets */ = {isa = PBXFileReference; lastKnownFileType = folder.assetcatalog; path = Assets.xcassets; sourceTree = "<group>"; };
		736AF1E52BACAA2B0021BE81 /* Base */ = {isa = PBXFileReference; lastKnownFileType = file.storyboard; name = Base; path = Base.lproj/LaunchScreen.storyboard; sourceTree = "<group>"; };
		736AF1E72BACAA2B0021BE81 /* Info.plist */ = {isa = PBXFileReference; lastKnownFileType = text.plist.xml; path = Info.plist; sourceTree = "<group>"; };
		736AF1EC2BACAA2C0021BE81 /* MELITechnicalTestTests.xctest */ = {isa = PBXFileReference; explicitFileType = wrapper.cfbundle; includeInIndex = 0; path = MELITechnicalTestTests.xctest; sourceTree = BUILT_PRODUCTS_DIR; };
		736AF1F02BACAA2C0021BE81 /* MELITechnicalTestTests.swift */ = {isa = PBXFileReference; lastKnownFileType = sourcecode.swift; path = MELITechnicalTestTests.swift; sourceTree = "<group>"; };
		736AF1F62BACAA2C0021BE81 /* MELITechnicalTestUITests.xctest */ = {isa = PBXFileReference; explicitFileType = wrapper.cfbundle; includeInIndex = 0; path = MELITechnicalTestUITests.xctest; sourceTree = BUILT_PRODUCTS_DIR; };
		736AF1FA2BACAA2C0021BE81 /* MELITechnicalTestUITests.swift */ = {isa = PBXFileReference; lastKnownFileType = sourcecode.swift; path = MELITechnicalTestUITests.swift; sourceTree = "<group>"; };
		736AF1FC2BACAA2C0021BE81 /* MELITechnicalTestUITestsLaunchTests.swift */ = {isa = PBXFileReference; lastKnownFileType = sourcecode.swift; path = MELITechnicalTestUITestsLaunchTests.swift; sourceTree = "<group>"; };
		736AF20E2BADDEA40021BE81 /* NetworkingMainFile.swift */ = {isa = PBXFileReference; lastKnownFileType = sourcecode.swift; path = NetworkingMainFile.swift; sourceTree = "<group>"; };
		736AF2102BADE23C0021BE81 /* SearchItems.swift */ = {isa = PBXFileReference; lastKnownFileType = sourcecode.swift; path = SearchItems.swift; sourceTree = "<group>"; };
		736AF2132BADE28F0021BE81 /* SearchResultModel.swift */ = {isa = PBXFileReference; lastKnownFileType = sourcecode.swift; path = SearchResultModel.swift; sourceTree = "<group>"; };
		736AF2152BADE2AB0021BE81 /* ItemModel.swift */ = {isa = PBXFileReference; lastKnownFileType = sourcecode.swift; path = ItemModel.swift; sourceTree = "<group>"; };
		736AF2172BADE2CD0021BE81 /* ItemForViewModel.swift */ = {isa = PBXFileReference; lastKnownFileType = sourcecode.swift; path = ItemForViewModel.swift; sourceTree = "<group>"; };
		736AF2192BADE2DA0021BE81 /* SeachResultForViewModel.swift */ = {isa = PBXFileReference; lastKnownFileType = sourcecode.swift; path = SeachResultForViewModel.swift; sourceTree = "<group>"; };
		736AF21B2BADE3C30021BE81 /* SearchViewModel.swift */ = {isa = PBXFileReference; lastKnownFileType = sourcecode.swift; path = SearchViewModel.swift; sourceTree = "<group>"; };
		736AF21E2BADED5E0021BE81 /* searchResultViewContent.swift */ = {isa = PBXFileReference; lastKnownFileType = sourcecode.swift; path = searchResultViewContent.swift; sourceTree = "<group>"; };
/* End PBXFileReference section */

/* Begin PBXFrameworksBuildPhase section */
		736AF1D32BACAA290021BE81 /* Frameworks */ = {
			isa = PBXFrameworksBuildPhase;
			buildActionMask = 2147483647;
			files = (
			);
			runOnlyForDeploymentPostprocessing = 0;
		};
		736AF1E92BACAA2C0021BE81 /* Frameworks */ = {
			isa = PBXFrameworksBuildPhase;
			buildActionMask = 2147483647;
			files = (
			);
			runOnlyForDeploymentPostprocessing = 0;
		};
		736AF1F32BACAA2C0021BE81 /* Frameworks */ = {
			isa = PBXFrameworksBuildPhase;
			buildActionMask = 2147483647;
			files = (
			);
			runOnlyForDeploymentPostprocessing = 0;
		};
/* End PBXFrameworksBuildPhase section */

/* Begin PBXGroup section */
		736AF1CD2BACAA290021BE81 = {
			isa = PBXGroup;
			children = (
				736AF1D82BACAA290021BE81 /* MELITechnicalTest */,
				736AF1EF2BACAA2C0021BE81 /* MELITechnicalTestTests */,
				736AF1F92BACAA2C0021BE81 /* MELITechnicalTestUITests */,
				736AF1D72BACAA290021BE81 /* Products */,
			);
			sourceTree = "<group>";
		};
		736AF1D72BACAA290021BE81 /* Products */ = {
			isa = PBXGroup;
			children = (
				736AF1D62BACAA290021BE81 /* MELITechnicalTest.app */,
				736AF1EC2BACAA2C0021BE81 /* MELITechnicalTestTests.xctest */,
				736AF1F62BACAA2C0021BE81 /* MELITechnicalTestUITests.xctest */,
			);
			name = Products;
			sourceTree = "<group>";
		};
		736AF1D82BACAA290021BE81 /* MELITechnicalTest */ = {
			isa = PBXGroup;
			children = (
				736AF21D2BADED4D0021BE81 /* New Group */,
				736AF2122BADE2630021BE81 /* Models */,
				736AF20D2BADDE940021BE81 /* UseCases */,
				736AF20C2BADDE8E0021BE81 /* ViewContents */,
				736AF20B2BADDB660021BE81 /* ViewModels */,
				736AF20A2BADDB5B0021BE81 /* Scenes */,
				736AF2092BADDB4E0021BE81 /* Networking */,
				736AF1D92BACAA290021BE81 /* AppDelegate.swift */,
				736AF1DB2BACAA290021BE81 /* SceneDelegate.swift */,
				736AF1DD2BACAA290021BE81 /* ViewController.swift */,
				736AF1DF2BACAA290021BE81 /* Main.storyboard */,
				736AF1E22BACAA2B0021BE81 /* Assets.xcassets */,
				736AF1E42BACAA2B0021BE81 /* LaunchScreen.storyboard */,
				736AF1E72BACAA2B0021BE81 /* Info.plist */,
			);
			path = MELITechnicalTest;
			sourceTree = "<group>";
		};
		736AF1EF2BACAA2C0021BE81 /* MELITechnicalTestTests */ = {
			isa = PBXGroup;
			children = (
				736AF1F02BACAA2C0021BE81 /* MELITechnicalTestTests.swift */,
			);
			path = MELITechnicalTestTests;
			sourceTree = "<group>";
		};
		736AF1F92BACAA2C0021BE81 /* MELITechnicalTestUITests */ = {
			isa = PBXGroup;
			children = (
				736AF1FA2BACAA2C0021BE81 /* MELITechnicalTestUITests.swift */,
				736AF1FC2BACAA2C0021BE81 /* MELITechnicalTestUITestsLaunchTests.swift */,
			);
			path = MELITechnicalTestUITests;
			sourceTree = "<group>";
		};
		736AF2092BADDB4E0021BE81 /* Networking */ = {
			isa = PBXGroup;
			children = (
				736AF20E2BADDEA40021BE81 /* NetworkingMainFile.swift */,
			);
			path = Networking;
			sourceTree = "<group>";
		};
		736AF20A2BADDB5B0021BE81 /* Scenes */ = {
			isa = PBXGroup;
			children = (
			);
			path = Scenes;
			sourceTree = "<group>";
		};
		736AF20B2BADDB660021BE81 /* ViewModels */ = {
			isa = PBXGroup;
			children = (
				736AF21B2BADE3C30021BE81 /* SearchViewModel.swift */,
			);
			path = ViewModels;
			sourceTree = "<group>";
		};
		736AF20C2BADDE8E0021BE81 /* ViewContents */ = {
			isa = PBXGroup;
			children = (
				736AF21E2BADED5E0021BE81 /* searchResultViewContent.swift */,
			);
			path = ViewContents;
			sourceTree = "<group>";
		};
		736AF20D2BADDE940021BE81 /* UseCases */ = {
			isa = PBXGroup;
			children = (
				736AF2102BADE23C0021BE81 /* SearchItems.swift */,
			);
			path = UseCases;
			sourceTree = "<group>";
		};
		736AF2122BADE2630021BE81 /* Models */ = {
			isa = PBXGroup;
			children = (
				736AF2132BADE28F0021BE81 /* SearchResultModel.swift */,
				736AF2152BADE2AB0021BE81 /* ItemModel.swift */,
				736AF2172BADE2CD0021BE81 /* ItemForViewModel.swift */,
				736AF2192BADE2DA0021BE81 /* SeachResultForViewModel.swift */,
			);
			path = Models;
			sourceTree = "<group>";
		};
		736AF21D2BADED4D0021BE81 /* New Group */ = {
			isa = PBXGroup;
			children = (
			);
			path = "New Group";
			sourceTree = "<group>";
		};
/* End PBXGroup section */

/* Begin PBXNativeTarget section */
		736AF1D52BACAA290021BE81 /* MELITechnicalTest */ = {
			isa = PBXNativeTarget;
			buildConfigurationList = 736AF2002BACAA2C0021BE81 /* Build configuration list for PBXNativeTarget "MELITechnicalTest" */;
			buildPhases = (
				736AF1D22BACAA290021BE81 /* Sources */,
				736AF1D32BACAA290021BE81 /* Frameworks */,
				736AF1D42BACAA290021BE81 /* Resources */,
			);
			buildRules = (
			);
			dependencies = (
			);
			name = MELITechnicalTest;
			productName = MELITechnicalTest;
			productReference = 736AF1D62BACAA290021BE81 /* MELITechnicalTest.app */;
			productType = "com.apple.product-type.application";
		};
		736AF1EB2BACAA2C0021BE81 /* MELITechnicalTestTests */ = {
			isa = PBXNativeTarget;
			buildConfigurationList = 736AF2032BACAA2C0021BE81 /* Build configuration list for PBXNativeTarget "MELITechnicalTestTests" */;
			buildPhases = (
				736AF1E82BACAA2C0021BE81 /* Sources */,
				736AF1E92BACAA2C0021BE81 /* Frameworks */,
				736AF1EA2BACAA2C0021BE81 /* Resources */,
			);
			buildRules = (
			);
			dependencies = (
				736AF1EE2BACAA2C0021BE81 /* PBXTargetDependency */,
			);
			name = MELITechnicalTestTests;
			productName = MELITechnicalTestTests;
			productReference = 736AF1EC2BACAA2C0021BE81 /* MELITechnicalTestTests.xctest */;
			productType = "com.apple.product-type.bundle.unit-test";
		};
		736AF1F52BACAA2C0021BE81 /* MELITechnicalTestUITests */ = {
			isa = PBXNativeTarget;
			buildConfigurationList = 736AF2062BACAA2C0021BE81 /* Build configuration list for PBXNativeTarget "MELITechnicalTestUITests" */;
			buildPhases = (
				736AF1F22BACAA2C0021BE81 /* Sources */,
				736AF1F32BACAA2C0021BE81 /* Frameworks */,
				736AF1F42BACAA2C0021BE81 /* Resources */,
			);
			buildRules = (
			);
			dependencies = (
				736AF1F82BACAA2C0021BE81 /* PBXTargetDependency */,
			);
			name = MELITechnicalTestUITests;
			productName = MELITechnicalTestUITests;
			productReference = 736AF1F62BACAA2C0021BE81 /* MELITechnicalTestUITests.xctest */;
			productType = "com.apple.product-type.bundle.ui-testing";
		};
/* End PBXNativeTarget section */

/* Begin PBXProject section */
		736AF1CE2BACAA290021BE81 /* Project object */ = {
			isa = PBXProject;
			attributes = {
				BuildIndependentTargetsInParallel = 1;
				LastSwiftUpdateCheck = 1520;
				LastUpgradeCheck = 1520;
				TargetAttributes = {
					736AF1D52BACAA290021BE81 = {
						CreatedOnToolsVersion = 15.2;
					};
					736AF1EB2BACAA2C0021BE81 = {
						CreatedOnToolsVersion = 15.2;
						TestTargetID = 736AF1D52BACAA290021BE81;
					};
					736AF1F52BACAA2C0021BE81 = {
						CreatedOnToolsVersion = 15.2;
						TestTargetID = 736AF1D52BACAA290021BE81;
					};
				};
			};
			buildConfigurationList = 736AF1D12BACAA290021BE81 /* Build configuration list for PBXProject "MELITechnicalTest" */;
			compatibilityVersion = "Xcode 14.0";
			developmentRegion = en;
			hasScannedForEncodings = 0;
			knownRegions = (
				en,
				Base,
			);
			mainGroup = 736AF1CD2BACAA290021BE81;
			productRefGroup = 736AF1D72BACAA290021BE81 /* Products */;
			projectDirPath = "";
			projectRoot = "";
			targets = (
				736AF1D52BACAA290021BE81 /* MELITechnicalTest */,
				736AF1EB2BACAA2C0021BE81 /* MELITechnicalTestTests */,
				736AF1F52BACAA2C0021BE81 /* MELITechnicalTestUITests */,
			);
		};
/* End PBXProject section */

/* Begin PBXResourcesBuildPhase section */
		736AF1D42BACAA290021BE81 /* Resources */ = {
			isa = PBXResourcesBuildPhase;
			buildActionMask = 2147483647;
			files = (
				736AF1E62BACAA2B0021BE81 /* LaunchScreen.storyboard in Resources */,
				736AF1E32BACAA2B0021BE81 /* Assets.xcassets in Resources */,
				736AF1E12BACAA290021BE81 /* Main.storyboard in Resources */,
			);
			runOnlyForDeploymentPostprocessing = 0;
		};
		736AF1EA2BACAA2C0021BE81 /* Resources */ = {
			isa = PBXResourcesBuildPhase;
			buildActionMask = 2147483647;
			files = (
			);
			runOnlyForDeploymentPostprocessing = 0;
		};
		736AF1F42BACAA2C0021BE81 /* Resources */ = {
			isa = PBXResourcesBuildPhase;
			buildActionMask = 2147483647;
			files = (
			);
			runOnlyForDeploymentPostprocessing = 0;
		};
/* End PBXResourcesBuildPhase section */

/* Begin PBXSourcesBuildPhase section */
		736AF1D22BACAA290021BE81 /* Sources */ = {
			isa = PBXSourcesBuildPhase;
			buildActionMask = 2147483647;
			files = (
				736AF20F2BADDEA40021BE81 /* NetworkingMainFile.swift in Sources */,
				736AF2112BADE23C0021BE81 /* SearchItems.swift in Sources */,
				736AF2142BADE28F0021BE81 /* SearchResultModel.swift in Sources */,
				736AF2182BADE2CD0021BE81 /* ItemForViewModel.swift in Sources */,
				736AF1DE2BACAA290021BE81 /* ViewController.swift in Sources */,
				736AF21A2BADE2DA0021BE81 /* SeachResultForViewModel.swift in Sources */,
				736AF21C2BADE3C30021BE81 /* SearchViewModel.swift in Sources */,
				736AF21F2BADED5E0021BE81 /* searchResultViewContent.swift in Sources */,
				736AF1DA2BACAA290021BE81 /* AppDelegate.swift in Sources */,
				736AF2162BADE2AB0021BE81 /* ItemModel.swift in Sources */,
				736AF1DC2BACAA290021BE81 /* SceneDelegate.swift in Sources */,
			);
			runOnlyForDeploymentPostprocessing = 0;
		};
		736AF1E82BACAA2C0021BE81 /* Sources */ = {
			isa = PBXSourcesBuildPhase;
			buildActionMask = 2147483647;
			files = (
				736AF1F12BACAA2C0021BE81 /* MELITechnicalTestTests.swift in Sources */,
			);
			runOnlyForDeploymentPostprocessing = 0;
		};
		736AF1F22BACAA2C0021BE81 /* Sources */ = {
			isa = PBXSourcesBuildPhase;
			buildActionMask = 2147483647;
			files = (
				736AF1FB2BACAA2C0021BE81 /* MELITechnicalTestUITests.swift in Sources */,
				736AF1FD2BACAA2C0021BE81 /* MELITechnicalTestUITestsLaunchTests.swift in Sources */,
			);
			runOnlyForDeploymentPostprocessing = 0;
		};
/* End PBXSourcesBuildPhase section */

/* Begin PBXTargetDependency section */
		736AF1EE2BACAA2C0021BE81 /* PBXTargetDependency */ = {
			isa = PBXTargetDependency;
			target = 736AF1D52BACAA290021BE81 /* MELITechnicalTest */;
			targetProxy = 736AF1ED2BACAA2C0021BE81 /* PBXContainerItemProxy */;
		};
		736AF1F82BACAA2C0021BE81 /* PBXTargetDependency */ = {
			isa = PBXTargetDependency;
			target = 736AF1D52BACAA290021BE81 /* MELITechnicalTest */;
			targetProxy = 736AF1F72BACAA2C0021BE81 /* PBXContainerItemProxy */;
		};
/* End PBXTargetDependency section */

/* Begin PBXVariantGroup section */
		736AF1DF2BACAA290021BE81 /* Main.storyboard */ = {
			isa = PBXVariantGroup;
			children = (
				736AF1E02BACAA290021BE81 /* Base */,
			);
			name = Main.storyboard;
			sourceTree = "<group>";
		};
		736AF1E42BACAA2B0021BE81 /* LaunchScreen.storyboard */ = {
			isa = PBXVariantGroup;
			children = (
				736AF1E52BACAA2B0021BE81 /* Base */,
			);
			name = LaunchScreen.storyboard;
			sourceTree = "<group>";
		};
/* End PBXVariantGroup section */

/* Begin XCBuildConfiguration section */
		736AF1FE2BACAA2C0021BE81 /* Debug */ = {
			isa = XCBuildConfiguration;
			buildSettings = {
				ALWAYS_SEARCH_USER_PATHS = NO;
				ASSETCATALOG_COMPILER_GENERATE_SWIFT_ASSET_SYMBOL_EXTENSIONS = YES;
				CLANG_ANALYZER_NONNULL = YES;
				CLANG_ANALYZER_NUMBER_OBJECT_CONVERSION = YES_AGGRESSIVE;
				CLANG_CXX_LANGUAGE_STANDARD = "gnu++20";
				CLANG_ENABLE_MODULES = YES;
				CLANG_ENABLE_OBJC_ARC = YES;
				CLANG_ENABLE_OBJC_WEAK = YES;
				CLANG_WARN_BLOCK_CAPTURE_AUTORELEASING = YES;
				CLANG_WARN_BOOL_CONVERSION = YES;
				CLANG_WARN_COMMA = YES;
				CLANG_WARN_CONSTANT_CONVERSION = YES;
				CLANG_WARN_DEPRECATED_OBJC_IMPLEMENTATIONS = YES;
				CLANG_WARN_DIRECT_OBJC_ISA_USAGE = YES_ERROR;
				CLANG_WARN_DOCUMENTATION_COMMENTS = YES;
				CLANG_WARN_EMPTY_BODY = YES;
				CLANG_WARN_ENUM_CONVERSION = YES;
				CLANG_WARN_INFINITE_RECURSION = YES;
				CLANG_WARN_INT_CONVERSION = YES;
				CLANG_WARN_NON_LITERAL_NULL_CONVERSION = YES;
				CLANG_WARN_OBJC_IMPLICIT_RETAIN_SELF = YES;
				CLANG_WARN_OBJC_LITERAL_CONVERSION = YES;
				CLANG_WARN_OBJC_ROOT_CLASS = YES_ERROR;
				CLANG_WARN_QUOTED_INCLUDE_IN_FRAMEWORK_HEADER = YES;
				CLANG_WARN_RANGE_LOOP_ANALYSIS = YES;
				CLANG_WARN_STRICT_PROTOTYPES = YES;
				CLANG_WARN_SUSPICIOUS_MOVE = YES;
				CLANG_WARN_UNGUARDED_AVAILABILITY = YES_AGGRESSIVE;
				CLANG_WARN_UNREACHABLE_CODE = YES;
				CLANG_WARN__DUPLICATE_METHOD_MATCH = YES;
				COPY_PHASE_STRIP = NO;
				DEBUG_INFORMATION_FORMAT = dwarf;
				ENABLE_STRICT_OBJC_MSGSEND = YES;
				ENABLE_TESTABILITY = YES;
				ENABLE_USER_SCRIPT_SANDBOXING = YES;
				GCC_C_LANGUAGE_STANDARD = gnu17;
				GCC_DYNAMIC_NO_PIC = NO;
				GCC_NO_COMMON_BLOCKS = YES;
				GCC_OPTIMIZATION_LEVEL = 0;
				GCC_PREPROCESSOR_DEFINITIONS = (
					"DEBUG=1",
					"$(inherited)",
				);
				GCC_WARN_64_TO_32_BIT_CONVERSION = YES;
				GCC_WARN_ABOUT_RETURN_TYPE = YES_ERROR;
				GCC_WARN_UNDECLARED_SELECTOR = YES;
				GCC_WARN_UNINITIALIZED_AUTOS = YES_AGGRESSIVE;
				GCC_WARN_UNUSED_FUNCTION = YES;
				GCC_WARN_UNUSED_VARIABLE = YES;
				IPHONEOS_DEPLOYMENT_TARGET = 17.2;
				LOCALIZATION_PREFERS_STRING_CATALOGS = YES;
				MTL_ENABLE_DEBUG_INFO = INCLUDE_SOURCE;
				MTL_FAST_MATH = YES;
				ONLY_ACTIVE_ARCH = YES;
				SDKROOT = iphoneos;
				SWIFT_ACTIVE_COMPILATION_CONDITIONS = "DEBUG $(inherited)";
				SWIFT_OPTIMIZATION_LEVEL = "-Onone";
			};
			name = Debug;
		};
		736AF1FF2BACAA2C0021BE81 /* Release */ = {
			isa = XCBuildConfiguration;
			buildSettings = {
				ALWAYS_SEARCH_USER_PATHS = NO;
				ASSETCATALOG_COMPILER_GENERATE_SWIFT_ASSET_SYMBOL_EXTENSIONS = YES;
				CLANG_ANALYZER_NONNULL = YES;
				CLANG_ANALYZER_NUMBER_OBJECT_CONVERSION = YES_AGGRESSIVE;
				CLANG_CXX_LANGUAGE_STANDARD = "gnu++20";
				CLANG_ENABLE_MODULES = YES;
				CLANG_ENABLE_OBJC_ARC = YES;
				CLANG_ENABLE_OBJC_WEAK = YES;
				CLANG_WARN_BLOCK_CAPTURE_AUTORELEASING = YES;
				CLANG_WARN_BOOL_CONVERSION = YES;
				CLANG_WARN_COMMA = YES;
				CLANG_WARN_CONSTANT_CONVERSION = YES;
				CLANG_WARN_DEPRECATED_OBJC_IMPLEMENTATIONS = YES;
				CLANG_WARN_DIRECT_OBJC_ISA_USAGE = YES_ERROR;
				CLANG_WARN_DOCUMENTATION_COMMENTS = YES;
				CLANG_WARN_EMPTY_BODY = YES;
				CLANG_WARN_ENUM_CONVERSION = YES;
				CLANG_WARN_INFINITE_RECURSION = YES;
				CLANG_WARN_INT_CONVERSION = YES;
				CLANG_WARN_NON_LITERAL_NULL_CONVERSION = YES;
				CLANG_WARN_OBJC_IMPLICIT_RETAIN_SELF = YES;
				CLANG_WARN_OBJC_LITERAL_CONVERSION = YES;
				CLANG_WARN_OBJC_ROOT_CLASS = YES_ERROR;
				CLANG_WARN_QUOTED_INCLUDE_IN_FRAMEWORK_HEADER = YES;
				CLANG_WARN_RANGE_LOOP_ANALYSIS = YES;
				CLANG_WARN_STRICT_PROTOTYPES = YES;
				CLANG_WARN_SUSPICIOUS_MOVE = YES;
				CLANG_WARN_UNGUARDED_AVAILABILITY = YES_AGGRESSIVE;
				CLANG_WARN_UNREACHABLE_CODE = YES;
				CLANG_WARN__DUPLICATE_METHOD_MATCH = YES;
				COPY_PHASE_STRIP = NO;
				DEBUG_INFORMATION_FORMAT = "dwarf-with-dsym";
				ENABLE_NS_ASSERTIONS = NO;
				ENABLE_STRICT_OBJC_MSGSEND = YES;
				ENABLE_USER_SCRIPT_SANDBOXING = YES;
				GCC_C_LANGUAGE_STANDARD = gnu17;
				GCC_NO_COMMON_BLOCKS = YES;
				GCC_WARN_64_TO_32_BIT_CONVERSION = YES;
				GCC_WARN_ABOUT_RETURN_TYPE = YES_ERROR;
				GCC_WARN_UNDECLARED_SELECTOR = YES;
				GCC_WARN_UNINITIALIZED_AUTOS = YES_AGGRESSIVE;
				GCC_WARN_UNUSED_FUNCTION = YES;
				GCC_WARN_UNUSED_VARIABLE = YES;
				IPHONEOS_DEPLOYMENT_TARGET = 17.2;
				LOCALIZATION_PREFERS_STRING_CATALOGS = YES;
				MTL_ENABLE_DEBUG_INFO = NO;
				MTL_FAST_MATH = YES;
				SDKROOT = iphoneos;
				SWIFT_COMPILATION_MODE = wholemodule;
				VALIDATE_PRODUCT = YES;
			};
			name = Release;
		};
		736AF2012BACAA2C0021BE81 /* Debug */ = {
			isa = XCBuildConfiguration;
			buildSettings = {
				ASSETCATALOG_COMPILER_APPICON_NAME = AppIcon;
				ASSETCATALOG_COMPILER_GLOBAL_ACCENT_COLOR_NAME = AccentColor;
				CODE_SIGN_STYLE = Automatic;
				CURRENT_PROJECT_VERSION = 1;
				DEVELOPMENT_TEAM = 5DJ695UZH2;
				GENERATE_INFOPLIST_FILE = YES;
				INFOPLIST_FILE = MELITechnicalTest/Info.plist;
				INFOPLIST_KEY_UIApplicationSupportsIndirectInputEvents = YES;
				INFOPLIST_KEY_UILaunchStoryboardName = LaunchScreen;
				INFOPLIST_KEY_UIMainStoryboardFile = Main;
				INFOPLIST_KEY_UISupportedInterfaceOrientations_iPad = "UIInterfaceOrientationPortrait UIInterfaceOrientationPortraitUpsideDown UIInterfaceOrientationLandscapeLeft UIInterfaceOrientationLandscapeRight";
				INFOPLIST_KEY_UISupportedInterfaceOrientations_iPhone = "UIInterfaceOrientationPortrait UIInterfaceOrientationLandscapeLeft UIInterfaceOrientationLandscapeRight";
				LD_RUNPATH_SEARCH_PATHS = (
					"$(inherited)",
					"@executable_path/Frameworks",
				);
				MARKETING_VERSION = 1.0;
				PRODUCT_BUNDLE_IDENTIFIER = JuanHarrington.MELITechnicalTest;
				PRODUCT_NAME = "$(TARGET_NAME)";
				SWIFT_EMIT_LOC_STRINGS = YES;
				SWIFT_VERSION = 5.0;
				TARGETED_DEVICE_FAMILY = "1,2";
			};
			name = Debug;
		};
		736AF2022BACAA2C0021BE81 /* Release */ = {
			isa = XCBuildConfiguration;
			buildSettings = {
				ASSETCATALOG_COMPILER_APPICON_NAME = AppIcon;
				ASSETCATALOG_COMPILER_GLOBAL_ACCENT_COLOR_NAME = AccentColor;
				CODE_SIGN_STYLE = Automatic;
				CURRENT_PROJECT_VERSION = 1;
				DEVELOPMENT_TEAM = 5DJ695UZH2;
				GENERATE_INFOPLIST_FILE = YES;
				INFOPLIST_FILE = MELITechnicalTest/Info.plist;
				INFOPLIST_KEY_UIApplicationSupportsIndirectInputEvents = YES;
				INFOPLIST_KEY_UILaunchStoryboardName = LaunchScreen;
				INFOPLIST_KEY_UIMainStoryboardFile = Main;
				INFOPLIST_KEY_UISupportedInterfaceOrientations_iPad = "UIInterfaceOrientationPortrait UIInterfaceOrientationPortraitUpsideDown UIInterfaceOrientationLandscapeLeft UIInterfaceOrientationLandscapeRight";
				INFOPLIST_KEY_UISupportedInterfaceOrientations_iPhone = "UIInterfaceOrientationPortrait UIInterfaceOrientationLandscapeLeft UIInterfaceOrientationLandscapeRight";
				LD_RUNPATH_SEARCH_PATHS = (
					"$(inherited)",
					"@executable_path/Frameworks",
				);
				MARKETING_VERSION = 1.0;
				PRODUCT_BUNDLE_IDENTIFIER = JuanHarrington.MELITechnicalTest;
				PRODUCT_NAME = "$(TARGET_NAME)";
				SWIFT_EMIT_LOC_STRINGS = YES;
				SWIFT_VERSION = 5.0;
				TARGETED_DEVICE_FAMILY = "1,2";
			};
			name = Release;
		};
		736AF2042BACAA2C0021BE81 /* Debug */ = {
			isa = XCBuildConfiguration;
			buildSettings = {
				ALWAYS_EMBED_SWIFT_STANDARD_LIBRARIES = YES;
				BUNDLE_LOADER = "$(TEST_HOST)";
				CODE_SIGN_STYLE = Automatic;
				CURRENT_PROJECT_VERSION = 1;
				DEVELOPMENT_TEAM = 5DJ695UZH2;
				GENERATE_INFOPLIST_FILE = YES;
				IPHONEOS_DEPLOYMENT_TARGET = 17.2;
				MARKETING_VERSION = 1.0;
				PRODUCT_BUNDLE_IDENTIFIER = JuanHarrington.MELITechnicalTestTests;
				PRODUCT_NAME = "$(TARGET_NAME)";
				SWIFT_EMIT_LOC_STRINGS = NO;
				SWIFT_VERSION = 5.0;
				TARGETED_DEVICE_FAMILY = "1,2";
				TEST_HOST = "$(BUILT_PRODUCTS_DIR)/MELITechnicalTest.app/$(BUNDLE_EXECUTABLE_FOLDER_PATH)/MELITechnicalTest";
			};
			name = Debug;
		};
		736AF2052BACAA2C0021BE81 /* Release */ = {
			isa = XCBuildConfiguration;
			buildSettings = {
				ALWAYS_EMBED_SWIFT_STANDARD_LIBRARIES = YES;
				BUNDLE_LOADER = "$(TEST_HOST)";
				CODE_SIGN_STYLE = Automatic;
				CURRENT_PROJECT_VERSION = 1;
				DEVELOPMENT_TEAM = 5DJ695UZH2;
				GENERATE_INFOPLIST_FILE = YES;
				IPHONEOS_DEPLOYMENT_TARGET = 17.2;
				MARKETING_VERSION = 1.0;
				PRODUCT_BUNDLE_IDENTIFIER = JuanHarrington.MELITechnicalTestTests;
				PRODUCT_NAME = "$(TARGET_NAME)";
				SWIFT_EMIT_LOC_STRINGS = NO;
				SWIFT_VERSION = 5.0;
				TARGETED_DEVICE_FAMILY = "1,2";
				TEST_HOST = "$(BUILT_PRODUCTS_DIR)/MELITechnicalTest.app/$(BUNDLE_EXECUTABLE_FOLDER_PATH)/MELITechnicalTest";
			};
			name = Release;
		};
		736AF2072BACAA2C0021BE81 /* Debug */ = {
			isa = XCBuildConfiguration;
			buildSettings = {
				ALWAYS_EMBED_SWIFT_STANDARD_LIBRARIES = YES;
				CODE_SIGN_STYLE = Automatic;
				CURRENT_PROJECT_VERSION = 1;
				DEVELOPMENT_TEAM = 5DJ695UZH2;
				GENERATE_INFOPLIST_FILE = YES;
				MARKETING_VERSION = 1.0;
				PRODUCT_BUNDLE_IDENTIFIER = JuanHarrington.MELITechnicalTestUITests;
				PRODUCT_NAME = "$(TARGET_NAME)";
				SWIFT_EMIT_LOC_STRINGS = NO;
				SWIFT_VERSION = 5.0;
				TARGETED_DEVICE_FAMILY = "1,2";
				TEST_TARGET_NAME = MELITechnicalTest;
			};
			name = Debug;
		};
		736AF2082BACAA2C0021BE81 /* Release */ = {
			isa = XCBuildConfiguration;
			buildSettings = {
				ALWAYS_EMBED_SWIFT_STANDARD_LIBRARIES = YES;
				CODE_SIGN_STYLE = Automatic;
				CURRENT_PROJECT_VERSION = 1;
				DEVELOPMENT_TEAM = 5DJ695UZH2;
				GENERATE_INFOPLIST_FILE = YES;
				MARKETING_VERSION = 1.0;
				PRODUCT_BUNDLE_IDENTIFIER = JuanHarrington.MELITechnicalTestUITests;
				PRODUCT_NAME = "$(TARGET_NAME)";
				SWIFT_EMIT_LOC_STRINGS = NO;
				SWIFT_VERSION = 5.0;
				TARGETED_DEVICE_FAMILY = "1,2";
				TEST_TARGET_NAME = MELITechnicalTest;
			};
			name = Release;
		};
/* End XCBuildConfiguration section */

/* Begin XCConfigurationList section */
		736AF1D12BACAA290021BE81 /* Build configuration list for PBXProject "MELITechnicalTest" */ = {
			isa = XCConfigurationList;
			buildConfigurations = (
				736AF1FE2BACAA2C0021BE81 /* Debug */,
				736AF1FF2BACAA2C0021BE81 /* Release */,
			);
			defaultConfigurationIsVisible = 0;
			defaultConfigurationName = Release;
		};
		736AF2002BACAA2C0021BE81 /* Build configuration list for PBXNativeTarget "MELITechnicalTest" */ = {
			isa = XCConfigurationList;
			buildConfigurations = (
				736AF2012BACAA2C0021BE81 /* Debug */,
				736AF2022BACAA2C0021BE81 /* Release */,
			);
			defaultConfigurationIsVisible = 0;
			defaultConfigurationName = Release;
		};
		736AF2032BACAA2C0021BE81 /* Build configuration list for PBXNativeTarget "MELITechnicalTestTests" */ = {
			isa = XCConfigurationList;
			buildConfigurations = (
				736AF2042BACAA2C0021BE81 /* Debug */,
				736AF2052BACAA2C0021BE81 /* Release */,
			);
			defaultConfigurationIsVisible = 0;
			defaultConfigurationName = Release;
		};
		736AF2062BACAA2C0021BE81 /* Build configuration list for PBXNativeTarget "MELITechnicalTestUITests" */ = {
			isa = XCConfigurationList;
			buildConfigurations = (
				736AF2072BACAA2C0021BE81 /* Debug */,
				736AF2082BACAA2C0021BE81 /* Release */,
			);
			defaultConfigurationIsVisible = 0;
			defaultConfigurationName = Release;
		};
/* End XCConfigurationList section */
	};
	rootObject = 736AF1CE2BACAA290021BE81 /* Project object */;
}
